
Microsoft Visual Studio Solution File, Format Version 12.00
# Visual Studio Version 16
VisualStudioVersion = 16.0.29613.14
MinimumVisualStudioVersion = 10.0.40219.1
Project("{FAE04EC0-301F-11D3-BF4B-00C04F79EFBC}") = "tomcMatijaKolekcije", "tomcMatijaKolekcije\tomcMatijaKolekcije.csproj", "{E610E060-864B-4CDF-951F-CD82B8D19428}"
EndProject
Global
	GlobalSection(SolutionConfigurationPlatforms) = preSolution
		Debug|Any CPU = Debug|Any CPU
		Release|Any CPU = Release|Any CPU
	EndGlobalSection
	GlobalSection(ProjectConfigurationPlatforms) = postSolution
		{E610E060-864B-4CDF-951F-CD82B8D19428}.Debug|Any CPU.ActiveCfg = Debug|Any CPU
		{E610E060-864B-4CDF-951F-CD82B8D19428}.Debug|Any CPU.Build.0 = Debug|Any CPU
		{E610E060-864B-4CDF-951F-CD82B8D19428}.Release|Any CPU.ActiveCfg = Release|Any CPU
		{E610E060-864B-4CDF-951F-CD82B8D19428}.Release|Any CPU.Build.0 = Release|Any CPU
	EndGlobalSection
	GlobalSection(SolutionProperties) = preSolution
		HideSolutionNode = FALSE
	EndGlobalSection
	GlobalSection(ExtensibilityGlobals) = postSolution
		SolutionGuid = {BD5590A5-FBB1-4F11-9EDA-3316C24714B0}
	EndGlobalSection
EndGlobal
